lockfileVersion: '9.0'

settings:
  autoInstallPeers: true
  excludeLinksFromLockfile: false

importers:

  .:
    devDependencies:
      '@moonrepo/cli':
        specifier: ^1.29.4
        version: 1.29.4

packages:

  '@moonrepo/cli@1.29.4':
    resolution: {integrity: sha512-GH3/p4UPZZQRpkr7swjMht/LwzaADA8r7HDCd3kEeVk78B7XcyxtWR6peMRYU5/rDPpzZxGmAqpnda4JelaZIA==}
    hasBin: true

  '@moonrepo/core-linux-arm64-gnu@1.29.4':
    resolution: {integrity: sha512-GbVn2UIK+iun9hWU9oY5gRtsIa7tuTQnTQIKwtMNEmfKTc7P48R3vKTuhqcwVWA3Vy/f5+4mTNJlqSN3aCn+CQ==}
    cpu: [arm64]
    os: [linux]

  '@moonrepo/core-linux-arm64-musl@1.29.4':
    resolution: {integrity: sha512-FFOaHbszRWZ/dQbjUNId1XGy8ZpUKt9/GBxY+pE/yoTPbEZOUGkNk5Ekgin6qU2DqyNFZV/PECClNKz5JlAehg==}
    cpu: [arm64]
    os: [linux]

  '@moonrepo/core-linux-x64-gnu@1.29.4':
    resolution: {integrity: sha512-tP1YKQwoRDhnVycyQAwxjcHxO8fd4dYLJM852WKRQoDSY2Ez2/MDbmcMG6bq0AEgfdRzONG07PQ0rS600cCVZw==}
    cpu: [x64]
    os: [linux]

  '@moonrepo/core-linux-x64-musl@1.29.4':
    resolution: {integrity: sha512-cyyGRu+XHOPd8GIYrwulPEP+Pqg4GmQbMbKolJesByVFnHysuydTBLyEOXACX6C/E+JTuGzDY2rWhN12bSVogg==}
    cpu: [x64]
    os: [linux]

  '@moonrepo/core-macos-arm64@1.29.4':
    resolution: {integrity: sha512-UYacZCptc7muJy3tqSePxKGHl1K7ihT/u9tZ9FoyPvrBDs9lNrFIyIWTTf0ZpL+ax/FFnhcnRNLILTEA+SSJdQ==}
    cpu: [arm64]
    os: [darwin]

  '@moonrepo/core-macos-x64@1.29.4':
    resolution: {integrity: sha512-tRroC7U3MMlrsjooOk/jl0hRLM9V+sMKrtqB7e+gorvc6/Zi0oJ2x6RezkyH9hcf8ZH0rnNJpY3D7/HJOYVAdw==}
    cpu: [x64]
    os: [darwin]

  '@moonrepo/core-windows-x64-msvc@1.29.4':
    resolution: {integrity: sha512-M1nUE7yJFNZUc44E1EdWpykC1I3qDZq5pI6EZVY89Wh0Mom0zYobOJPZGsTVSPu6nT4W4kTfKGe0SENkc9GwTQ==}
    cpu: [x64]
    os: [win32]

  detect-libc@2.0.3:
    resolution: {integrity: sha512-bwy0MGW55bG41VqxxypOsdSdGqLwXPI/focwgTYCFMbdUiBAxLg9CFzG08sz2aqzknwiX7Hkl0bQENjg8iLByw==}
    engines: {node: '>=8'}

snapshots:

  '@moonrepo/cli@1.29.4':
    dependencies:
      detect-libc: 2.0.3
    optionalDependencies:
      '@moonrepo/core-linux-arm64-gnu': 1.29.4
      '@moonrepo/core-linux-arm64-musl': 1.29.4
      '@moonrepo/core-linux-x64-gnu': 1.29.4
      '@moonrepo/core-linux-x64-musl': 1.29.4
      '@moonrepo/core-macos-arm64': 1.29.4
      '@moonrepo/core-macos-x64': 1.29.4
      '@moonrepo/core-windows-x64-msvc': 1.29.4

  '@moonrepo/core-linux-arm64-gnu@1.29.4':
    optional: true

  '@moonrepo/core-linux-arm64-musl@1.29.4':
    optional: true

  '@moonrepo/core-linux-x64-gnu@1.29.4':
    optional: true

  '@moonrepo/core-linux-x64-musl@1.29.4':
    optional: true

  '@moonrepo/core-macos-arm64@1.29.4':
    optional: true

  '@moonrepo/core-macos-x64@1.29.4':
    optional: true

  '@moonrepo/core-windows-x64-msvc@1.29.4':
    optional: true

  detect-libc@2.0.3: {}
